// !$*UTF8*$!
{
	archiveVersion = 1;
	classes = {
	};
	objectVersion = 46;
	objects = {

/* Begin PBXBuildFile section */
		B258BF8C1CCE808700CF19B8 /* AppDelegate.swift in Sources */ = {isa = PBXBuildFile; fileRef = B258BF8B1CCE808700CF19B8 /* AppDelegate.swift */; };
		B258BF8E1CCE808700CF19B8 /* ViewController.swift in Sources */ = {isa = PBXBuildFile; fileRef = B258BF8D1CCE808700CF19B8 /* ViewController.swift */; };
		B258BF911CCE808700CF19B8 /* Main.storyboard in Resources */ = {isa = PBXBuildFile; fileRef = B258BF8F1CCE808700CF19B8 /* Main.storyboard */; };
		B258BF941CCE808700CF19B8 /* CoreDataTut.xcdatamodeld in Sources */ = {isa = PBXBuildFile; fileRef = B258BF921CCE808700CF19B8 /* CoreDataTut.xcdatamodeld */; };
		B258BF961CCE808700CF19B8 /* Assets.xcassets in Resources */ = {isa = PBXBuildFile; fileRef = B258BF951CCE808700CF19B8 /* Assets.xcassets */; };
		B258BF991CCE808700CF19B8 /* LaunchScreen.storyboard in Resources */ = {isa = PBXBuildFile; fileRef = B258BF971CCE808700CF19B8 /* LaunchScreen.storyboard */; };
		B258BFA41CCE808700CF19B8 /* CoreDataTutTests.swift in Sources */ = {isa = PBXBuildFile; fileRef = B258BFA31CCE808700CF19B8 /* CoreDataTutTests.swift */; };
		B258BFAF1CCE808700CF19B8 /* CoreDataTutUITests.swift in Sources */ = {isa = PBXBuildFile; fileRef = B258BFAE1CCE808700CF19B8 /* CoreDataTutUITests.swift */; };
/* End PBXBuildFile section */

/* Begin PBXContainerItemProxy section */
		B258BFA01CCE808700CF19B8 /* PBXContainerItemProxy */ = {
			isa = PBXContainerItemProxy;
			containerPortal = B258BF801CCE808700CF19B8 /* Project object */;
			proxyType = 1;
			remoteGlobalIDString = B258BF871CCE808700CF19B8;
			remoteInfo = CoreDataTut;
		};
		B258BFAB1CCE808700CF19B8 /* PBXContainerItemProxy */ = {
			isa = PBXContainerItemProxy;
			containerPortal = B258BF801CCE808700CF19B8 /* Project object */;
			proxyType = 1;
			remoteGlobalIDString = B258BF871CCE808700CF19B8;
			remoteInfo = CoreDataTut;
		};
/* End PBXContainerItemProxy section */

/* Begin PBXFileReference section */
		B258BF881CCE808700CF19B8 /* CoreDataTut.app */ = {isa = PBXFileReference; explicitFileType = wrapper.application; includeInIndex = 0; path = CoreDataTut.app; sourceTree = BUILT_PRODUCTS_DIR; };
		B258BF8B1CCE808700CF19B8 /* AppDelegate.swift */ = {isa = PBXFileReference; lastKnownFileType = sourcecode.swift; path = AppDelegate.swift; sourceTree = "<group>"; };
		B258BF8D1CCE808700CF19B8 /* ViewController.swift */ = {isa = PBXFileReference; lastKnownFileType = sourcecode.swift; path = ViewController.swift; sourceTree = "<group>"; };
		B258BF901CCE808700CF19B8 /* Base */ = {isa = PBXFileReference; lastKnownFileType = file.storyboard; name = Base; path = Base.lproj/Main.storyboard; sourceTree = "<group>"; };
		B258BF931CCE808700CF19B8 /* CoreDataTut.xcdatamodel */ = {isa = PBXFileReference; lastKnownFileType = wrapper.xcdatamodel; path = CoreDataTut.xcdatamodel; sourceTree = "<group>"; };
		B258BF951CCE808700CF19B8 /* Assets.xcassets */ = {isa = PBXFileReference; lastKnownFileType = folder.assetcatalog; path = Assets.xcassets; sourceTree = "<group>"; };
		B258BF981CCE808700CF19B8 /* Base */ = {isa = PBXFileReference; lastKnownFileType = file.storyboard; name = Base; path = Base.lproj/LaunchScreen.storyboard; sourceTree = "<group>"; };
		B258BF9A1CCE808700CF19B8 /* Info.plist */ = {isa = PBXFileReference; lastKnownFileType = text.plist.xml; path = Info.plist; sourceTree = "<group>"; };
		B258BF9F1CCE808700CF19B8 /* CoreDataTutTests.xctest */ = {isa = PBXFileReference; explicitFileType = wrapper.cfbundle; includeInIndex = 0; path = CoreDataTutTests.xctest; sourceTree = BUILT_PRODUCTS_DIR; };
		B258BFA31CCE808700CF19B8 /* CoreDataTutTests.swift */ = {isa = PBXFileReference; lastKnownFileType = sourcecode.swift; path = CoreDataTutTests.swift; sourceTree = "<group>"; };
		B258BFA51CCE808700CF19B8 /* Info.plist */ = {isa = PBXFileReference; lastKnownFileType = text.plist.xml; path = Info.plist; sourceTree = "<group>"; };
		B258BFAA1CCE808700CF19B8 /* CoreDataTutUITests.xctest */ = {isa = PBXFileReference; explicitFileType = wrapper.cfbundle; includeInIndex = 0; path = CoreDataTutUITests.xctest; sourceTree = BUILT_PRODUCTS_DIR; };
		B258BFAE1CCE808700CF19B8 /* CoreDataTutUITests.swift */ = {isa = PBXFileReference; lastKnownFileType = sourcecode.swift; path = CoreDataTutUITests.swift; sourceTree = "<group>"; };
		B258BFB01CCE808800CF19B8 /* Info.plist */ = {isa = PBXFileReference; lastKnownFileType = text.plist.xml; path = Info.plist; sourceTree = "<group>"; };
/* End PBXFileReference section */

/* Begin PBXFrameworksBuildPhase section */
		B258BF851CCE808700CF19B8 /* Frameworks */ = {
			isa = PBXFrameworksBuildPhase;
			buildActionMask = 2147483647;
			files = (
			);
			runOnlyForDeploymentPostprocessing = 0;
		};
		B258BF9C1CCE808700CF19B8 /* Frameworks */ = {
			isa = PBXFrameworksBuildPhase;
			buildActionMask = 2147483647;
			files = (
			);
			runOnlyForDeploymentPostprocessing = 0;
		};
		B258BFA71CCE808700CF19B8 /* Frameworks */ = {
			isa = PBXFrameworksBuildPhase;
			buildActionMask = 2147483647;
			files = (
			);
			runOnlyForDeploymentPostprocessing = 0;
		};
/* End PBXFrameworksBuildPhase section */

/* Begin PBXGroup section */
		B258BF7F1CCE808700CF19B8 = {
			isa = PBXGroup;
			children = (
				B258BF8A1CCE808700CF19B8 /* CoreDataTut */,
				B258BFA21CCE808700CF19B8 /* CoreDataTutTests */,
				B258BFAD1CCE808700CF19B8 /* CoreDataTutUITests */,
				B258BF891CCE808700CF19B8 /* Products */,
			);
			sourceTree = "<group>";
		};
		B258BF891CCE808700CF19B8 /* Products */ = {
			isa = PBXGroup;
			children = (
				B258BF881CCE808700CF19B8 /* CoreDataTut.app */,
				B258BF9F1CCE808700CF19B8 /* CoreDataTutTests.xctest */,
				B258BFAA1CCE808700CF19B8 /* CoreDataTutUITests.xctest */,
			);
			name = Products;
			sourceTree = "<group>";
		};
		B258BF8A1CCE808700CF19B8 /* CoreDataTut */ = {
			isa = PBXGroup;
			children = (
				B258BF8B1CCE808700CF19B8 /* AppDelegate.swift */,
				B258BF8D1CCE808700CF19B8 /* ViewController.swift */,
				B258BF8F1CCE808700CF19B8 /* Main.storyboard */,
				B258BF951CCE808700CF19B8 /* Assets.xcassets */,
				B258BF971CCE808700CF19B8 /* LaunchScreen.storyboard */,
				B258BF9A1CCE808700CF19B8 /* Info.plist */,
				B258BF921CCE808700CF19B8 /* CoreDataTut.xcdatamodeld */,
			);
			path = CoreDataTut;
			sourceTree = "<group>";
		};
		B258BFA21CCE808700CF19B8 /* CoreDataTutTests */ = {
			isa = PBXGroup;
			children = (
				B258BFA31CCE808700CF19B8 /* CoreDataTutTests.swift */,
				B258BFA51CCE808700CF19B8 /* Info.plist */,
			);
			path = CoreDataTutTests;
			sourceTree = "<group>";
		};
		B258BFAD1CCE808700CF19B8 /* CoreDataTutUITests */ = {
			isa = PBXGroup;
			children = (
				B258BFAE1CCE808700CF19B8 /* CoreDataTutUITests.swift */,
				B258BFB01CCE808800CF19B8 /* Info.plist */,
			);
			path = CoreDataTutUITests;
			sourceTree = "<group>";
		};
/* End PBXGroup section */

/* Begin PBXNativeTarget section */
		B258BF871CCE808700CF19B8 /* CoreDataTut */ = {
			isa = PBXNativeTarget;
			buildConfigurationList = B258BFB31CCE808800CF19B8 /* Build configuration list for PBXNativeTarget "CoreDataTut" */;
			buildPhases = (
				B258BF841CCE808700CF19B8 /* Sources */,
				B258BF851CCE808700CF19B8 /* Frameworks */,
				B258BF861CCE808700CF19B8 /* Resources */,
			);
			buildRules = (
			);
			dependencies = (
			);
			name = CoreDataTut;
			productName = CoreDataTut;
			productReference = B258BF881CCE808700CF19B8 /* CoreDataTut.app */;
			productType = "com.apple.product-type.application";
		};
		B258BF9E1CCE808700CF19B8 /* CoreDataTutTests */ = {
			isa = PBXNativeTarget;
			buildConfigurationList = B258BFB61CCE808800CF19B8 /* Build configuration list for PBXNativeTarget "CoreDataTutTests" */;
			buildPhases = (
				B258BF9B1CCE808700CF19B8 /* Sources */,
				B258BF9C1CCE808700CF19B8 /* Frameworks */,
				B258BF9D1CCE808700CF19B8 /* Resources */,
			);
			buildRules = (
			);
			dependencies = (
				B258BFA11CCE808700CF19B8 /* PBXTargetDependency */,
			);
			name = CoreDataTutTests;
			productName = CoreDataTutTests;
			productReference = B258BF9F1CCE808700CF19B8 /* CoreDataTutTests.xctest */;
			productType = "com.apple.product-type.bundle.unit-test";
		};
		B258BFA91CCE808700CF19B8 /* CoreDataTutUITests */ = {
			isa = PBXNativeTarget;
			buildConfigurationList = B258BFB91CCE808800CF19B8 /* Build configuration list for PBXNativeTarget "CoreDataTutUITests" */;
			buildPhases = (
				B258BFA61CCE808700CF19B8 /* Sources */,
				B258BFA71CCE808700CF19B8 /* Frameworks */,
				B258BFA81CCE808700CF19B8 /* Resources */,
			);
			buildRules = (
			);
			dependencies = (
				B258BFAC1CCE808700CF19B8 /* PBXTargetDependency */,
			);
			name = CoreDataTutUITests;
			productName = CoreDataTutUITests;
			productReference = B258BFAA1CCE808700CF19B8 /* CoreDataTutUITests.xctest */;
			productType = "com.apple.product-type.bundle.ui-testing";
		};
/* End PBXNativeTarget section */

/* Begin PBXProject section */
		B258BF801CCE808700CF19B8 /* Project object */ = {
			isa = PBXProject;
			attributes = {
				LastSwiftUpdateCheck = 0730;
				LastUpgradeCheck = 0730;
				ORGANIZATIONNAME = TBLStudio;
				TargetAttributes = {
					B258BF871CCE808700CF19B8 = {
						CreatedOnToolsVersion = 7.3;
					};
					B258BF9E1CCE808700CF19B8 = {
						CreatedOnToolsVersion = 7.3;
						TestTargetID = B258BF871CCE808700CF19B8;
					};
					B258BFA91CCE808700CF19B8 = {
						CreatedOnToolsVersion = 7.3;
						TestTargetID = B258BF871CCE808700CF19B8;
					};
				};
			};
			buildConfigurationList = B258BF831CCE808700CF19B8 /* Build configuration list for PBXProject "CoreDataTut" */;
			compatibilityVersion = "Xcode 3.2";
			developmentRegion = English;
			hasScannedForEncodings = 0;
			knownRegions = (
				en,
				Base,
			);
			mainGroup = B258BF7F1CCE808700CF19B8;
			productRefGroup = B258BF891CCE808700CF19B8 /* Products */;
			projectDirPath = "";
			projectRoot = "";
			targets = (
				B258BF871CCE808700CF19B8 /* CoreDataTut */,
				B258BF9E1CCE808700CF19B8 /* CoreDataTutTests */,
				B258BFA91CCE808700CF19B8 /* CoreDataTutUITests */,
			);
		};
/* End PBXProject section */

/* Begin PBXResourcesBuildPhase section */
		B258BF861CCE808700CF19B8 /* Resources */ = {
			isa = PBXResourcesBuildPhase;
			buildActionMask = 2147483647;
			files = (
				B258BF991CCE808700CF19B8 /* LaunchScreen.storyboard in Resources */,
				B258BF961CCE808700CF19B8 /* Assets.xcassets in Resources */,
				B258BF911CCE808700CF19B8 /* Main.storyboard in Resources */,
			);
			runOnlyForDeploymentPostprocessing = 0;
		};
		B258BF9D1CCE808700CF19B8 /* Resources */ = {
			isa = PBXResourcesBuildPhase;
			buildActionMask = 2147483647;
			files = (
			);
			runOnlyForDeploymentPostprocessing = 0;
		};
		B258BFA81CCE808700CF19B8 /* Resources */ = {
			isa = PBXResourcesBuildPhase;
			buildActionMask = 2147483647;
			files = (
			);
			runOnlyForDeploymentPostprocessing = 0;
		};
/* End PBXResourcesBuildPhase section */

/* Begin PBXSourcesBuildPhase section */
		B258BF841CCE808700CF19B8 /* Sources */ = {
			isa = PBXSourcesBuildPhase;
			buildActionMask = 2147483647;
			files = (
				B258BF941CCE808700CF19B8 /* CoreDataTut.xcdatamodeld in Sources */,
				B258BF8E1CCE808700CF19B8 /* ViewController.swift in Sources */,
				B258BF8C1CCE808700CF19B8 /* AppDelegate.swift in Sources */,
			);
			runOnlyForDeploymentPostprocessing = 0;
		};
		B258BF9B1CCE808700CF19B8 /* Sources */ = {
			isa = PBXSourcesBuildPhase;
			buildActionMask = 2147483647;
			files = (
				B258BFA41CCE808700CF19B8 /* CoreDataTutTests.swift in Sources */,
			);
			runOnlyForDeploymentPostprocessing = 0;
		};
		B258BFA61CCE808700CF19B8 /* Sources */ = {
			isa = PBXSourcesBuildPhase;
			buildActionMask = 2147483647;
			files = (
				B258BFAF1CCE808700CF19B8 /* CoreDataTutUITests.swift in Sources */,
			);
			runOnlyForDeploymentPostprocessing = 0;
		};
/* End PBXSourcesBuildPhase section */

/* Begin PBXTargetDependency section */
		B258BFA11CCE808700CF19B8 /* PBXTargetDependency */ = {
			isa = PBXTargetDependency;
			target = B258BF871CCE808700CF19B8 /* CoreDataTut */;
			targetProxy = B258BFA01CCE808700CF19B8 /* PBXContainerItemProxy */;
		};
		B258BFAC1CCE808700CF19B8 /* PBXTargetDependency */ = {
			isa = PBXTargetDependency;
			target = B258BF871CCE808700CF19B8 /* CoreDataTut */;
			targetProxy = B258BFAB1CCE808700CF19B8 /* PBXContainerItemProxy */;
		};
/* End PBXTargetDependency section */

/* Begin PBXVariantGroup section */
		B258BF8F1CCE808700CF19B8 /* Main.storyboard */ = {
			isa = PBXVariantGroup;
			children = (
				B258BF901CCE808700CF19B8 /* Base */,
			);
			name = Main.storyboard;
			sourceTree = "<group>";
		};
		B258BF971CCE808700CF19B8 /* LaunchScreen.storyboard */ = {
			isa = PBXVariantGroup;
			children = (
				B258BF981CCE808700CF19B8 /* Base */,
			);
			name = LaunchScreen.storyboard;
			sourceTree = "<group>";
		};
/* End PBXVariantGroup section */

/* Begin XCBuildConfiguration section */
		B258BFB11CCE808800CF19B8 /* Debug */ = {
			isa = XCBuildConfiguration;
			buildSettings = {
				ALWAYS_SEARCH_USER_PATHS = NO;
				CLANG_ANALYZER_NONNULL = YES;
				CLANG_CXX_LANGUAGE_STANDARD = "gnu++0x";
				CLANG_CXX_LIBRARY = "libc++";
				CLANG_ENABLE_MODULES = YES;
				CLANG_ENABLE_OBJC_ARC = YES;
				CLANG_WARN_BOOL_CONVERSION = YES;
				CLANG_WARN_CONSTANT_CONVERSION = YES;
				CLANG_WARN_DIRECT_OBJC_ISA_USAGE = YES_ERROR;
				CLANG_WARN_EMPTY_BODY = YES;
				CLANG_WARN_ENUM_CONVERSION = YES;
				CLANG_WARN_INT_CONVERSION = YES;
				CLANG_WARN_OBJC_ROOT_CLASS = YES_ERROR;
				CLANG_WARN_UNREACHABLE_CODE = YES;
				CLANG_WARN__DUPLICATE_METHOD_MATCH = YES;
				"CODE_SIGN_IDENTITY[sdk=iphoneos*]" = "iPhone Developer";
				COPY_PHASE_STRIP = NO;
				DEBUG_INFORMATION_FORMAT = dwarf;
				ENABLE_STRICT_OBJC_MSGSEND = YES;
				ENABLE_TESTABILITY = YES;
				GCC_C_LANGUAGE_STANDARD = gnu99;
				GCC_DYNAMIC_NO_PIC = NO;
				GCC_NO_COMMON_BLOCKS = YES;
				GCC_OPTIMIZATION_LEVEL = 0;
				GCC_PREPROCESSOR_DEFINITIONS = (
					"DEBUG=1",
					"$(inherited)",
				);
				GCC_WARN_64_TO_32_BIT_CONVERSION = YES;
				GCC_WARN_ABOUT_RETURN_TYPE = YES_ERROR;
				GCC_WARN_UNDECLARED_SELECTOR = YES;
				GCC_WARN_UNINITIALIZED_AUTOS = YES_AGGRESSIVE;
				GCC_WARN_UNUSED_FUNCTION = YES;
				GCC_WARN_UNUSED_VARIABLE = YES;
				IPHONEOS_DEPLOYMENT_TARGET = 9.3;
				MTL_ENABLE_DEBUG_INFO = YES;
				ONLY_ACTIVE_ARCH = YES;
				SDKROOT = iphoneos;
				SWIFT_OPTIMIZATION_LEVEL = "-Onone";
				TARGETED_DEVICE_FAMILY = "1,2";
			};
			name = Debug;
		};
		B258BFB21CCE808800CF19B8 /* Release */ = {
			isa = XCBuildConfiguration;
			buildSettings = {
				ALWAYS_SEARCH_USER_PATHS = NO;
				CLANG_ANALYZER_NONNULL = YES;
				CLANG_CXX_LANGUAGE_STANDARD = "gnu++0x";
				CLANG_CXX_LIBRARY = "libc++";
				CLANG_ENABLE_MODULES = YES;
				CLANG_ENABLE_OBJC_ARC = YES;
				CLANG_WARN_BOOL_CONVERSION = YES;
				CLANG_WARN_CONSTANT_CONVERSION = YES;
				CLANG_WARN_DIRECT_OBJC_ISA_USAGE = YES_ERROR;
				CLANG_WARN_EMPTY_BODY = YES;
				CLANG_WARN_ENUM_CONVERSION = YES;
				CLANG_WARN_INT_CONVERSION = YES;
				CLANG_WARN_OBJC_ROOT_CLASS = YES_ERROR;
				CLANG_WARN_UNREACHABLE_CODE = YES;
				CLANG_WARN__DUPLICATE_METHOD_MATCH = YES;
				"CODE_SIGN_IDENTITY[sdk=iphoneos*]" = "iPhone Developer";
				COPY_PHASE_STRIP = NO;
				DEBUG_INFORMATION_FORMAT = "dwarf-with-dsym";
				ENABLE_NS_ASSERTIONS = NO;
				ENABLE_STRICT_OBJC_MSGSEND = YES;
				GCC_C_LANGUAGE_STANDARD = gnu99;
				GCC_NO_COMMON_BLOCKS = YES;
				GCC_WARN_64_TO_32_BIT_CONVERSION = YES;
				GCC_WARN_ABOUT_RETURN_TYPE = YES_ERROR;
				GCC_WARN_UNDECLARED_SELECTOR = YES;
				GCC_WARN_UNINITIALIZED_AUTOS = YES_AGGRESSIVE;
				GCC_WARN_UNUSED_FUNCTION = YES;
				GCC_WARN_UNUSED_VARIABLE = YES;
				IPHONEOS_DEPLOYMENT_TARGET = 9.3;
				MTL_ENABLE_DEBUG_INFO = NO;
				SDKROOT = iphoneos;
				TARGETED_DEVICE_FAMILY = "1,2";
				VALIDATE_PRODUCT = YES;
			};
			name = Release;
		};
		B258BFB41CCE808800CF19B8 /* Debug */ = {
			isa = XCBuildConfiguration;
			buildSettings = {
				ASSETCATALOG_COMPILER_APPICON_NAME = AppIcon;
				INFOPLIST_FILE = CoreDataTut/Info.plist;
				LD_RUNPATH_SEARCH_PATHS = "$(inherited) @executable_path/Frameworks";
				PRODUCT_BUNDLE_IDENTIFIER = TBLStudio.CoreDataTut;
				PRODUCT_NAME = "$(TARGET_NAME)";
			};
			name = Debug;
		};
		B258BFB51CCE808800CF19B8 /* Release */ = {
			isa = XCBuildConfiguration;
			buildSettings = {
				ASSETCATALOG_COMPILER_APPICON_NAME = AppIcon;
				INFOPLIST_FILE = CoreDataTut/Info.plist;
				LD_RUNPATH_SEARCH_PATHS = "$(inherited) @executable_path/Frameworks";
				PRODUCT_BUNDLE_IDENTIFIER = TBLStudio.CoreDataTut;
				PRODUCT_NAME = "$(TARGET_NAME)";
			};
			name = Release;
		};
		B258BFB71CCE808800CF19B8 /* Debug */ = {
			isa = XCBuildConfiguration;
			buildSettings = {
				BUNDLE_LOADER = "$(TEST_HOST)";
				INFOPLIST_FILE = CoreDataTutTests/Info.plist;
				LD_RUNPATH_SEARCH_PATHS = "$(inherited) @executable_path/Frameworks @loader_path/Frameworks";
				PRODUCT_BUNDLE_IDENTIFIER = TBLStudio.CoreDataTutTests;
				PRODUCT_NAME = "$(TARGET_NAME)";
				TEST_HOST = "$(BUILT_PRODUCTS_DIR)/CoreDataTut.app/CoreDataTut";
			};
			name = Debug;
		};
		B258BFB81CCE808800CF19B8 /* Release */ = {
			isa = XCBuildConfiguration;
			buildSettings = {
				BUNDLE_LOADER = "$(TEST_HOST)";
				INFOPLIST_FILE = CoreDataTutTests/Info.plist;
				LD_RUNPATH_SEARCH_PATHS = "$(inherited) @executable_path/Frameworks @loader_path/Frameworks";
				PRODUCT_BUNDLE_IDENTIFIER = TBLStudio.CoreDataTutTests;
				PRODUCT_NAME = "$(TARGET_NAME)";
				TEST_HOST = "$(BUILT_PRODUCTS_DIR)/CoreDataTut.app/CoreDataTut";
			};
			name = Release;
		};
		B258BFBA1CCE808800CF19B8 /* Debug */ = {
			isa = XCBuildConfiguration;
			buildSettings = {
				INFOPLIST_FILE = CoreDataTutUITests/Info.plist;
				LD_RUNPATH_SEARCH_PATHS = "$(inherited) @executable_path/Frameworks @loader_path/Frameworks";
				PRODUCT_BUNDLE_IDENTIFIER = TBLStudio.CoreDataTutUITests;
				PRODUCT_NAME = "$(TARGET_NAME)";
				TEST_TARGET_NAME = CoreDataTut;
			};
			name = Debug;
		};
		B258BFBB1CCE808800CF19B8 /* Release */ = {
			isa = XCBuildConfiguration;
			buildSettings = {
				INFOPLIST_FILE = CoreDataTutUITests/Info.plist;
				LD_RUNPATH_SEARCH_PATHS = "$(inherited) @executable_path/Frameworks @loader_path/Frameworks";
				PRODUCT_BUNDLE_IDENTIFIER = TBLStudio.CoreDataTutUITests;
				PRODUCT_NAME = "$(TARGET_NAME)";
				TEST_TARGET_NAME = CoreDataTut;
			};
			name = Release;
		};
/* End XCBuildConfiguration section */

/* Begin XCConfigurationList section */
		B258BF831CCE808700CF19B8 /* Build configuration list for PBXProject "CoreDataTut" */ = {
			isa = XCConfigurationList;
			buildConfigurations = (
				B258BFB11CCE808800CF19B8 /* Debug */,
				B258BFB21CCE808800CF19B8 /* Release */,
			);
			defaultConfigurationIsVisible = 0;
			defaultConfigurationName = Release;
		};
		B258BFB31CCE808800CF19B8 /* Build configuration list for PBXNativeTarget "CoreDataTut" */ = {
			isa = XCConfigurationList;
			buildConfigurations = (
				B258BFB41CCE808800CF19B8 /* Debug */,
				B258BFB51CCE808800CF19B8 /* Release */,
			);
			defaultConfigurationIsVisible = 0;
		};
		B258BFB61CCE808800CF19B8 /* Build configuration list for PBXNativeTarget "CoreDataTutTests" */ = {
			isa = XCConfigurationList;
			buildConfigurations = (
				B258BFB71CCE808800CF19B8 /* Debug */,
				B258BFB81CCE808800CF19B8 /* Release */,
			);
			defaultConfigurationIsVisible = 0;
		};
		B258BFB91CCE808800CF19B8 /* Build configuration list for PBXNativeTarget "CoreDataTutUITests" */ = {
			isa = XCConfigurationList;
			buildConfigurations = (
				B258BFBA1CCE808800CF19B8 /* Debug */,
				B258BFBB1CCE808800CF19B8 /* Release */,
			);
			defaultConfigurationIsVisible = 0;
		};
/* End XCConfigurationList section */

/* Begin XCVersionGroup section */
		B258BF921CCE808700CF19B8 /* CoreDataTut.xcdatamodeld */ = {
			isa = XCVersionGroup;
			children = (
				B258BF931CCE808700CF19B8 /* CoreDataTut.xcdatamodel */,
			);
			currentVersion = B258BF931CCE808700CF19B8 /* CoreDataTut.xcdatamodel */;
			path = CoreDataTut.xcdatamodeld;
			sourceTree = "<group>";
			versionGroupType = wrapper.xcdatamodel;
		};
/* End XCVersionGroup section */
	};
	rootObject = B258BF801CCE808700CF19B8 /* Project object */;
}
