// !$*UTF8*$!
{
	archiveVersion = 1;
	classes = {
	};
	objectVersion = 46;
	objects = {

/* Begin PBXBuildFile section */
		B29229D31CD0A0A700D9AAA9 /* AppDelegate.swift in Sources */ = {isa = PBXBuildFile; fileRef = B29229D21CD0A0A700D9AAA9 /* AppDelegate.swift */; };
		B29229D51CD0A0A700D9AAA9 /* ViewController.swift in Sources */ = {isa = PBXBuildFile; fileRef = B29229D41CD0A0A700D9AAA9 /* ViewController.swift */; };
		B29229D81CD0A0A700D9AAA9 /* Main.storyboard in Resources */ = {isa = PBXBuildFile; fileRef = B29229D61CD0A0A700D9AAA9 /* Main.storyboard */; };
		B29229DA1CD0A0A700D9AAA9 /* Assets.xcassets in Resources */ = {isa = PBXBuildFile; fileRef = B29229D91CD0A0A700D9AAA9 /* Assets.xcassets */; };
		B29229DD1CD0A0A700D9AAA9 /* LaunchScreen.storyboard in Resources */ = {isa = PBXBuildFile; fileRef = B29229DB1CD0A0A700D9AAA9 /* LaunchScreen.storyboard */; };
		B29229F31CD0A57300D9AAA9 /* ALView+PureLayout.m in Sources */ = {isa = PBXBuildFile; fileRef = B29229EB1CD0A57300D9AAA9 /* ALView+PureLayout.m */; };
		B29229F41CD0A57300D9AAA9 /* NSArray+PureLayout.m in Sources */ = {isa = PBXBuildFile; fileRef = B29229ED1CD0A57300D9AAA9 /* NSArray+PureLayout.m */; };
		B29229F51CD0A57300D9AAA9 /* NSLayoutConstraint+PureLayout.m in Sources */ = {isa = PBXBuildFile; fileRef = B29229EF1CD0A57300D9AAA9 /* NSLayoutConstraint+PureLayout.m */; };
/* End PBXBuildFile section */

/* Begin PBXFileReference section */
		B29229CF1CD0A0A700D9AAA9 /* AutoLayoutAdvance.app */ = {isa = PBXFileReference; explicitFileType = wrapper.application; includeInIndex = 0; path = AutoLayoutAdvance.app; sourceTree = BUILT_PRODUCTS_DIR; };
		B29229D21CD0A0A700D9AAA9 /* AppDelegate.swift */ = {isa = PBXFileReference; lastKnownFileType = sourcecode.swift; path = AppDelegate.swift; sourceTree = "<group>"; };
		B29229D41CD0A0A700D9AAA9 /* ViewController.swift */ = {isa = PBXFileReference; lastKnownFileType = sourcecode.swift; path = ViewController.swift; sourceTree = "<group>"; };
		B29229D71CD0A0A700D9AAA9 /* Base */ = {isa = PBXFileReference; lastKnownFileType = file.storyboard; name = Base; path = Base.lproj/Main.storyboard; sourceTree = "<group>"; };
		B29229D91CD0A0A700D9AAA9 /* Assets.xcassets */ = {isa = PBXFileReference; lastKnownFileType = folder.assetcatalog; path = Assets.xcassets; sourceTree = "<group>"; };
		B29229DC1CD0A0A700D9AAA9 /* Base */ = {isa = PBXFileReference; lastKnownFileType = file.storyboard; name = Base; path = Base.lproj/LaunchScreen.storyboard; sourceTree = "<group>"; };
		B29229DE1CD0A0A700D9AAA9 /* Info.plist */ = {isa = PBXFileReference; lastKnownFileType = text.plist.xml; path = Info.plist; sourceTree = "<group>"; };
		B29229E61CD0A0DC00D9AAA9 /* AutoLayoutAdvance-Bridging-Header.h */ = {isa = PBXFileReference; lastKnownFileType = sourcecode.c.h; path = "AutoLayoutAdvance-Bridging-Header.h"; sourceTree = "<group>"; };
		B29229EA1CD0A57300D9AAA9 /* ALView+PureLayout.h */ = {isa = PBXFileReference; fileEncoding = 4; lastKnownFileType = sourcecode.c.h; path = "ALView+PureLayout.h"; sourceTree = "<group>"; };
		B29229EB1CD0A57300D9AAA9 /* ALView+PureLayout.m */ = {isa = PBXFileReference; fileEncoding = 4; lastKnownFileType = sourcecode.c.objc; path = "ALView+PureLayout.m"; sourceTree = "<group>"; };
		B29229EC1CD0A57300D9AAA9 /* NSArray+PureLayout.h */ = {isa = PBXFileReference; fileEncoding = 4; lastKnownFileType = sourcecode.c.h; path = "NSArray+PureLayout.h"; sourceTree = "<group>"; };
		B29229ED1CD0A57300D9AAA9 /* NSArray+PureLayout.m */ = {isa = PBXFileReference; fileEncoding = 4; lastKnownFileType = sourcecode.c.objc; path = "NSArray+PureLayout.m"; sourceTree = "<group>"; };
		B29229EE1CD0A57300D9AAA9 /* NSLayoutConstraint+PureLayout.h */ = {isa = PBXFileReference; fileEncoding = 4; lastKnownFileType = sourcecode.c.h; path = "NSLayoutConstraint+PureLayout.h"; sourceTree = "<group>"; };
		B29229EF1CD0A57300D9AAA9 /* NSLayoutConstraint+PureLayout.m */ = {isa = PBXFileReference; fileEncoding = 4; lastKnownFileType = sourcecode.c.objc; path = "NSLayoutConstraint+PureLayout.m"; sourceTree = "<group>"; };
		B29229F01CD0A57300D9AAA9 /* PureLayout.h */ = {isa = PBXFileReference; fileEncoding = 4; lastKnownFileType = sourcecode.c.h; path = PureLayout.h; sourceTree = "<group>"; };
		B29229F11CD0A57300D9AAA9 /* PureLayout+Internal.h */ = {isa = PBXFileReference; fileEncoding = 4; lastKnownFileType = sourcecode.c.h; path = "PureLayout+Internal.h"; sourceTree = "<group>"; };
		B29229F21CD0A57300D9AAA9 /* PureLayoutDefines.h */ = {isa = PBXFileReference; fileEncoding = 4; lastKnownFileType = sourcecode.c.h; path = PureLayoutDefines.h; sourceTree = "<group>"; };
/* End PBXFileReference section */

/* Begin PBXFrameworksBuildPhase section */
		B29229CC1CD0A0A700D9AAA9 /* Frameworks */ = {
			isa = PBXFrameworksBuildPhase;
			buildActionMask = 2147483647;
			files = (
			);
			runOnlyForDeploymentPostprocessing = 0;
		};
/* End PBXFrameworksBuildPhase section */

/* Begin PBXGroup section */
		B29229C61CD0A0A700D9AAA9 = {
			isa = PBXGroup;
			children = (
				B29229D11CD0A0A700D9AAA9 /* AutoLayoutAdvance */,
				B29229D01CD0A0A700D9AAA9 /* Products */,
			);
			sourceTree = "<group>";
		};
		B29229D01CD0A0A700D9AAA9 /* Products */ = {
			isa = PBXGroup;
			children = (
				B29229CF1CD0A0A700D9AAA9 /* AutoLayoutAdvance.app */,
			);
			name = Products;
			sourceTree = "<group>";
		};
		B29229D11CD0A0A700D9AAA9 /* AutoLayoutAdvance */ = {
			isa = PBXGroup;
			children = (
				B29229E91CD0A55E00D9AAA9 /* PureLayout */,
				B29229D21CD0A0A700D9AAA9 /* AppDelegate.swift */,
				B29229D41CD0A0A700D9AAA9 /* ViewController.swift */,
				B29229D61CD0A0A700D9AAA9 /* Main.storyboard */,
				B29229D91CD0A0A700D9AAA9 /* Assets.xcassets */,
				B29229DB1CD0A0A700D9AAA9 /* LaunchScreen.storyboard */,
				B29229DE1CD0A0A700D9AAA9 /* Info.plist */,
				B29229E61CD0A0DC00D9AAA9 /* AutoLayoutAdvance-Bridging-Header.h */,
			);
			path = AutoLayoutAdvance;
			sourceTree = "<group>";
		};
		B29229E91CD0A55E00D9AAA9 /* PureLayout */ = {
			isa = PBXGroup;
			children = (
				B29229EA1CD0A57300D9AAA9 /* ALView+PureLayout.h */,
				B29229EB1CD0A57300D9AAA9 /* ALView+PureLayout.m */,
				B29229EC1CD0A57300D9AAA9 /* NSArray+PureLayout.h */,
				B29229ED1CD0A57300D9AAA9 /* NSArray+PureLayout.m */,
				B29229EE1CD0A57300D9AAA9 /* NSLayoutConstraint+PureLayout.h */,
				B29229EF1CD0A57300D9AAA9 /* NSLayoutConstraint+PureLayout.m */,
				B29229F01CD0A57300D9AAA9 /* PureLayout.h */,
				B29229F11CD0A57300D9AAA9 /* PureLayout+Internal.h */,
				B29229F21CD0A57300D9AAA9 /* PureLayoutDefines.h */,
			);
			name = PureLayout;
			sourceTree = "<group>";
		};
/* End PBXGroup section */

/* Begin PBXNativeTarget section */
		B29229CE1CD0A0A700D9AAA9 /* AutoLayoutAdvance */ = {
			isa = PBXNativeTarget;
			buildConfigurationList = B29229E11CD0A0A700D9AAA9 /* Build configuration list for PBXNativeTarget "AutoLayoutAdvance" */;
			buildPhases = (
				B29229CB1CD0A0A700D9AAA9 /* Sources */,
				B29229CC1CD0A0A700D9AAA9 /* Frameworks */,
				B29229CD1CD0A0A700D9AAA9 /* Resources */,
			);
			buildRules = (
			);
			dependencies = (
			);
			name = AutoLayoutAdvance;
			productName = AutoLayoutAdvance;
			productReference = B29229CF1CD0A0A700D9AAA9 /* AutoLayoutAdvance.app */;
			productType = "com.apple.product-type.application";
		};
/* End PBXNativeTarget section */

/* Begin PBXProject section */
		B29229C71CD0A0A700D9AAA9 /* Project object */ = {
			isa = PBXProject;
			attributes = {
				LastSwiftUpdateCheck = 0730;
				LastUpgradeCheck = 0730;
				ORGANIZATIONNAME = "Thái Bô Lão";
				TargetAttributes = {
					B29229CE1CD0A0A700D9AAA9 = {
						CreatedOnToolsVersion = 7.3;
					};
				};
			};
			buildConfigurationList = B29229CA1CD0A0A700D9AAA9 /* Build configuration list for PBXProject "AutoLayoutAdvance" */;
			compatibilityVersion = "Xcode 3.2";
			developmentRegion = English;
			hasScannedForEncodings = 0;
			knownRegions = (
				en,
				Base,
			);
			mainGroup = B29229C61CD0A0A700D9AAA9;
			productRefGroup = B29229D01CD0A0A700D9AAA9 /* Products */;
			projectDirPath = "";
			projectRoot = "";
			targets = (
				B29229CE1CD0A0A700D9AAA9 /* AutoLayoutAdvance */,
			);
		};
/* End PBXProject section */

/* Begin PBXResourcesBuildPhase section */
		B29229CD1CD0A0A700D9AAA9 /* Resources */ = {
			isa = PBXResourcesBuildPhase;
			buildActionMask = 2147483647;
			files = (
				B29229DD1CD0A0A700D9AAA9 /* LaunchScreen.storyboard in Resources */,
				B29229DA1CD0A0A700D9AAA9 /* Assets.xcassets in Resources */,
				B29229D81CD0A0A700D9AAA9 /* Main.storyboard in Resources */,
			);
			runOnlyForDeploymentPostprocessing = 0;
		};
/* End PBXResourcesBuildPhase section */

/* Begin PBXSourcesBuildPhase section */
		B29229CB1CD0A0A700D9AAA9 /* Sources */ = {
			isa = PBXSourcesBuildPhase;
			buildActionMask = 2147483647;
			files = (
				B29229F41CD0A57300D9AAA9 /* NSArray+PureLayout.m in Sources */,
				B29229F51CD0A57300D9AAA9 /* NSLayoutConstraint+PureLayout.m in Sources */,
				B29229D51CD0A0A700D9AAA9 /* ViewController.swift in Sources */,
				B29229F31CD0A57300D9AAA9 /* ALView+PureLayout.m in Sources */,
				B29229D31CD0A0A700D9AAA9 /* AppDelegate.swift in Sources */,
			);
			runOnlyForDeploymentPostprocessing = 0;
		};
/* End PBXSourcesBuildPhase section */

/* Begin PBXVariantGroup section */
		B29229D61CD0A0A700D9AAA9 /* Main.storyboard */ = {
			isa = PBXVariantGroup;
			children = (
				B29229D71CD0A0A700D9AAA9 /* Base */,
			);
			name = Main.storyboard;
			sourceTree = "<group>";
		};
		B29229DB1CD0A0A700D9AAA9 /* LaunchScreen.storyboard */ = {
			isa = PBXVariantGroup;
			children = (
				B29229DC1CD0A0A700D9AAA9 /* Base */,
			);
			name = LaunchScreen.storyboard;
			sourceTree = "<group>";
		};
/* End PBXVariantGroup section */

/* Begin XCBuildConfiguration section */
		B29229DF1CD0A0A700D9AAA9 /* Debug */ = {
			isa = XCBuildConfiguration;
			buildSettings = {
				ALWAYS_SEARCH_USER_PATHS = NO;
				CLANG_ANALYZER_NONNULL = YES;
				CLANG_CXX_LANGUAGE_STANDARD = "gnu++0x";
				CLANG_CXX_LIBRARY = "libc++";
				CLANG_ENABLE_MODULES = YES;
				CLANG_ENABLE_OBJC_ARC = YES;
				CLANG_WARN_BOOL_CONVERSION = YES;
				CLANG_WARN_CONSTANT_CONVERSION = YES;
				CLANG_WARN_DIRECT_OBJC_ISA_USAGE = YES_ERROR;
				CLANG_WARN_EMPTY_BODY = YES;
				CLANG_WARN_ENUM_CONVERSION = YES;
				CLANG_WARN_INT_CONVERSION = YES;
				CLANG_WARN_OBJC_ROOT_CLASS = YES_ERROR;
				CLANG_WARN_UNREACHABLE_CODE = YES;
				CLANG_WARN__DUPLICATE_METHOD_MATCH = YES;
				"CODE_SIGN_IDENTITY[sdk=iphoneos*]" = "iPhone Developer";
				COPY_PHASE_STRIP = NO;
				DEBUG_INFORMATION_FORMAT = dwarf;
				ENABLE_STRICT_OBJC_MSGSEND = YES;
				ENABLE_TESTABILITY = YES;
				GCC_C_LANGUAGE_STANDARD = gnu99;
				GCC_DYNAMIC_NO_PIC = NO;
				GCC_NO_COMMON_BLOCKS = YES;
				GCC_OPTIMIZATION_LEVEL = 0;
				GCC_PREPROCESSOR_DEFINITIONS = (
					"DEBUG=1",
					"$(inherited)",
				);
				GCC_WARN_64_TO_32_BIT_CONVERSION = YES;
				GCC_WARN_ABOUT_RETURN_TYPE = YES_ERROR;
				GCC_WARN_UNDECLARED_SELECTOR = YES;
				GCC_WARN_UNINITIALIZED_AUTOS = YES_AGGRESSIVE;
				GCC_WARN_UNUSED_FUNCTION = YES;
				GCC_WARN_UNUSED_VARIABLE = YES;
				IPHONEOS_DEPLOYMENT_TARGET = 9.3;
				MTL_ENABLE_DEBUG_INFO = YES;
				ONLY_ACTIVE_ARCH = YES;
				SDKROOT = iphoneos;
				SWIFT_OPTIMIZATION_LEVEL = "-Onone";
				TARGETED_DEVICE_FAMILY = "1,2";
			};
			name = Debug;
		};
		B29229E01CD0A0A700D9AAA9 /* Release */ = {
			isa = XCBuildConfiguration;
			buildSettings = {
				ALWAYS_SEARCH_USER_PATHS = NO;
				CLANG_ANALYZER_NONNULL = YES;
				CLANG_CXX_LANGUAGE_STANDARD = "gnu++0x";
				CLANG_CXX_LIBRARY = "libc++";
				CLANG_ENABLE_MODULES = YES;
				CLANG_ENABLE_OBJC_ARC = YES;
				CLANG_WARN_BOOL_CONVERSION = YES;
				CLANG_WARN_CONSTANT_CONVERSION = YES;
				CLANG_WARN_DIRECT_OBJC_ISA_USAGE = YES_ERROR;
				CLANG_WARN_EMPTY_BODY = YES;
				CLANG_WARN_ENUM_CONVERSION = YES;
				CLANG_WARN_INT_CONVERSION = YES;
				CLANG_WARN_OBJC_ROOT_CLASS = YES_ERROR;
				CLANG_WARN_UNREACHABLE_CODE = YES;
				CLANG_WARN__DUPLICATE_METHOD_MATCH = YES;
				"CODE_SIGN_IDENTITY[sdk=iphoneos*]" = "iPhone Developer";
				COPY_PHASE_STRIP = NO;
				DEBUG_INFORMATION_FORMAT = "dwarf-with-dsym";
				ENABLE_NS_ASSERTIONS = NO;
				ENABLE_STRICT_OBJC_MSGSEND = YES;
				GCC_C_LANGUAGE_STANDARD = gnu99;
				GCC_NO_COMMON_BLOCKS = YES;
				GCC_WARN_64_TO_32_BIT_CONVERSION = YES;
				GCC_WARN_ABOUT_RETURN_TYPE = YES_ERROR;
				GCC_WARN_UNDECLARED_SELECTOR = YES;
				GCC_WARN_UNINITIALIZED_AUTOS = YES_AGGRESSIVE;
				GCC_WARN_UNUSED_FUNCTION = YES;
				GCC_WARN_UNUSED_VARIABLE = YES;
				IPHONEOS_DEPLOYMENT_TARGET = 9.3;
				MTL_ENABLE_DEBUG_INFO = NO;
				SDKROOT = iphoneos;
				TARGETED_DEVICE_FAMILY = "1,2";
				VALIDATE_PRODUCT = YES;
			};
			name = Release;
		};
		B29229E21CD0A0A700D9AAA9 /* Debug */ = {
			isa = XCBuildConfiguration;
			buildSettings = {
				ASSETCATALOG_COMPILER_APPICON_NAME = AppIcon;
				CLANG_ENABLE_MODULES = YES;
				INFOPLIST_FILE = AutoLayoutAdvance/Info.plist;
				LD_RUNPATH_SEARCH_PATHS = "$(inherited) @executable_path/Frameworks";
				PRODUCT_BUNDLE_IDENTIFIER = TBLStudio.AutoLayoutAdvance;
				PRODUCT_NAME = "$(TARGET_NAME)";
				SWIFT_OBJC_BRIDGING_HEADER = "AutoLayoutAdvance/AutoLayoutAdvance-Bridging-Header.h";
				SWIFT_OPTIMIZATION_LEVEL = "-Onone";
			};
			name = Debug;
		};
		B29229E31CD0A0A700D9AAA9 /* Release */ = {
			isa = XCBuildConfiguration;
			buildSettings = {
				ASSETCATALOG_COMPILER_APPICON_NAME = AppIcon;
				CLANG_ENABLE_MODULES = YES;
				INFOPLIST_FILE = AutoLayoutAdvance/Info.plist;
				LD_RUNPATH_SEARCH_PATHS = "$(inherited) @executable_path/Frameworks";
				PRODUCT_BUNDLE_IDENTIFIER = TBLStudio.AutoLayoutAdvance;
				PRODUCT_NAME = "$(TARGET_NAME)";
				SWIFT_OBJC_BRIDGING_HEADER = "AutoLayoutAdvance/AutoLayoutAdvance-Bridging-Header.h";
			};
			name = Release;
		};
/* End XCBuildConfiguration section */

/* Begin XCConfigurationList section */
		B29229CA1CD0A0A700D9AAA9 /* Build configuration list for PBXProject "AutoLayoutAdvance" */ = {
			isa = XCConfigurationList;
			buildConfigurations = (
				B29229DF1CD0A0A700D9AAA9 /* Debug */,
				B29229E01CD0A0A700D9AAA9 /* Release */,
			);
			defaultConfigurationIsVisible = 0;
			defaultConfigurationName = Release;
		};
		B29229E11CD0A0A700D9AAA9 /* Build configuration list for PBXNativeTarget "AutoLayoutAdvance" */ = {
			isa = XCConfigurationList;
			buildConfigurations = (
				B29229E21CD0A0A700D9AAA9 /* Debug */,
				B29229E31CD0A0A700D9AAA9 /* Release */,
			);
			defaultConfigurationIsVisible = 0;
		};
/* End XCConfigurationList section */
	};
	rootObject = B29229C71CD0A0A700D9AAA9 /* Project object */;
}
